
Microsoft Visual Studio Solution File, Format Version 12.00
# Visual Studio Version 17
VisualStudioVersion = 17.13.35828.75
MinimumVisualStudioVersion = 10.0.40219.1
Project("{2150E333-8FDC-42A3-9474-1A3956D46DE8}") = "Solution items", "Solution items", "{02EA681E-C7D8-13C7-8484-4AC65E1B71E8}"
	ProjectSection(SolutionItems) = preProject
		Directory.Build.props = Directory.Build.props
		Directory.Packages.props = Directory.Packages.props
		dockerfile = dockerfile
	EndProjectSection
EndProject
Project("{2150E333-8FDC-42A3-9474-1A3956D46DE8}") = "src", "src", "{88491391-778D-4F20-AAF4-EBB4B3AB9CC4}"
EndProject
Project("{2150E333-8FDC-42A3-9474-1A3956D46DE8}") = "API", "API", "{8A37326C-2B86-4187-B962-EFD546AED8AC}"
EndProject
Project("{2150E333-8FDC-42A3-9474-1A3956D46DE8}") = "Infrastructure", "Infrastructure", "{7A689961-6DB1-4218-B7EB-99EA6502350D}"
EndProject
Project("{2150E333-8FDC-42A3-9474-1A3956D46DE8}") = "Domain", "Domain", "{DFB2443E-5672-4613-946F-377FABA09774}"
EndProject
Project("{2150E333-8FDC-42A3-9474-1A3956D46DE8}") = "Application", "Application", "{79A2E375-D52C-4C4B-B168-B3A8AAE34E88}"
EndProject
Project("{FAE04EC0-301F-11D3-BF4B-00C04F79EFBC}") = "Homely.Infrastructure.Identification", "src\Homely.Infrastructure.Identification\Homely.Infrastructure.Identification.csproj", "{C7602D16-BCD4-574C-B665-1DF987E93CCD}"
EndProject
Project("{FAE04EC0-301F-11D3-BF4B-00C04F79EFBC}") = "Homely.Infrastructure.Data", "src\Homely.Infrastructure.Data\Homely.Infrastructure.Data.csproj", "{55F3219A-B4E5-5780-ECEE-9D8C291B382E}"
EndProject
Project("{FAE04EC0-301F-11D3-BF4B-00C04F79EFBC}") = "Homely.Domain", "src\Homely.Domain\Homely.Domain.csproj", "{47B073D2-C832-DFF0-A867-F96C5DCB8302}"
EndProject
Project("{FAE04EC0-301F-11D3-BF4B-00C04F79EFBC}") = "Homely.Application", "src\Homely.Application\Homely.Application.csproj", "{B4DFB195-A45C-DED2-2223-E18BFE5910C5}"
EndProject
Project("{FAE04EC0-301F-11D3-BF4B-00C04F79EFBC}") = "Homely.API", "src\Homely.API\Homely.API.csproj", "{3075221F-E8EB-FE44-8326-B0389CD5E4C8}"
EndProject
Global
	GlobalSection(SolutionConfigurationPlatforms) = preSolution
		Debug|Any CPU = Debug|Any CPU
		Release|Any CPU = Release|Any CPU
	EndGlobalSection
	GlobalSection(ProjectConfigurationPlatforms) = postSolution
		{C7602D16-BCD4-574C-B665-1DF987E93CCD}.Debug|Any CPU.ActiveCfg = Debug|Any CPU
		{C7602D16-BCD4-574C-B665-1DF987E93CCD}.Debug|Any CPU.Build.0 = Debug|Any CPU
		{C7602D16-BCD4-574C-B665-1DF987E93CCD}.Release|Any CPU.ActiveCfg = Release|Any CPU
		{C7602D16-BCD4-574C-B665-1DF987E93CCD}.Release|Any CPU.Build.0 = Release|Any CPU
		{55F3219A-B4E5-5780-ECEE-9D8C291B382E}.Debug|Any CPU.ActiveCfg = Debug|Any CPU
		{55F3219A-B4E5-5780-ECEE-9D8C291B382E}.Debug|Any CPU.Build.0 = Debug|Any CPU
		{55F3219A-B4E5-5780-ECEE-9D8C291B382E}.Release|Any CPU.ActiveCfg = Release|Any CPU
		{55F3219A-B4E5-5780-ECEE-9D8C291B382E}.Release|Any CPU.Build.0 = Release|Any CPU
		{47B073D2-C832-DFF0-A867-F96C5DCB8302}.Debug|Any CPU.ActiveCfg = Debug|Any CPU
		{47B073D2-C832-DFF0-A867-F96C5DCB8302}.Debug|Any CPU.Build.0 = Debug|Any CPU
		{47B073D2-C832-DFF0-A867-F96C5DCB8302}.Release|Any CPU.ActiveCfg = Release|Any CPU
		{47B073D2-C832-DFF0-A867-F96C5DCB8302}.Release|Any CPU.Build.0 = Release|Any CPU
		{B4DFB195-A45C-DED2-2223-E18BFE5910C5}.Debug|Any CPU.ActiveCfg = Debug|Any CPU
		{B4DFB195-A45C-DED2-2223-E18BFE5910C5}.Debug|Any CPU.Build.0 = Debug|Any CPU
		{B4DFB195-A45C-DED2-2223-E18BFE5910C5}.Release|Any CPU.ActiveCfg = Release|Any CPU
		{B4DFB195-A45C-DED2-2223-E18BFE5910C5}.Release|Any CPU.Build.0 = Release|Any CPU
		{3075221F-E8EB-FE44-8326-B0389CD5E4C8}.Debug|Any CPU.ActiveCfg = Debug|Any CPU
		{3075221F-E8EB-FE44-8326-B0389CD5E4C8}.Debug|Any CPU.Build.0 = Debug|Any CPU
		{3075221F-E8EB-FE44-8326-B0389CD5E4C8}.Release|Any CPU.ActiveCfg = Release|Any CPU
		{3075221F-E8EB-FE44-8326-B0389CD5E4C8}.Release|Any CPU.Build.0 = Release|Any CPU
	EndGlobalSection
	GlobalSection(SolutionProperties) = preSolution
		HideSolutionNode = FALSE
	EndGlobalSection
	GlobalSection(NestedProjects) = preSolution
		{8A37326C-2B86-4187-B962-EFD546AED8AC} = {88491391-778D-4F20-AAF4-EBB4B3AB9CC4}
		{7A689961-6DB1-4218-B7EB-99EA6502350D} = {88491391-778D-4F20-AAF4-EBB4B3AB9CC4}
		{DFB2443E-5672-4613-946F-377FABA09774} = {88491391-778D-4F20-AAF4-EBB4B3AB9CC4}
		{79A2E375-D52C-4C4B-B168-B3A8AAE34E88} = {88491391-778D-4F20-AAF4-EBB4B3AB9CC4}
		{C7602D16-BCD4-574C-B665-1DF987E93CCD} = {7A689961-6DB1-4218-B7EB-99EA6502350D}
		{55F3219A-B4E5-5780-ECEE-9D8C291B382E} = {7A689961-6DB1-4218-B7EB-99EA6502350D}
		{47B073D2-C832-DFF0-A867-F96C5DCB8302} = {DFB2443E-5672-4613-946F-377FABA09774}
		{B4DFB195-A45C-DED2-2223-E18BFE5910C5} = {79A2E375-D52C-4C4B-B168-B3A8AAE34E88}
		{3075221F-E8EB-FE44-8326-B0389CD5E4C8} = {8A37326C-2B86-4187-B962-EFD546AED8AC}
	EndGlobalSection
	GlobalSection(ExtensibilityGlobals) = postSolution
		SolutionGuid = {FAA719B4-8A87-452C-A980-83412588B9D1}
	EndGlobalSection
EndGlobal
